<?xml version="1.0" encoding="UTF-8" standalone="yes" ?>
<CodeBlocks_project_file>
	<FileVersion major="1" minor="6" />
	<Project>
		<Option title="gpurt" />
		<Option pch_mode="2" />
		<Option compiler="gcc" />
		<Build>
			<Target title="Debug">
				<Option output="gpurt" prefix_auto="1" extension_auto="1" />
				<Option object_output="../gputr" />
				<Option type="1" />
				<Option compiler="gcc" />
				<Compiler>
					<Add option="-g" />
				</Compiler>
			</Target>
		</Build>
		<Compiler>
			<Add option="-Wall" />
			<Add option="-m32" />
			<Add option="-g" />
			<Add directory="SDL/include" />
			<Add directory="GLEW/include" />
		</Compiler>
		<Linker>
			<Add option="-static-libstdc++" />
			<Add option="-static-libgcc" />
			<Add option="-m32" />
			<Add library="opengl32" />
			<Add library="mingw32" />
			<Add library="SDL2main" />
			<Add library="SDL2" />
			<Add library="glew32" />
			<Add directory="SDL/lib/mingw" />
			<Add directory="GLEW/lib" />
		</Linker>
		<Unit filename="camera.cpp" />
		<Unit filename="camera.h" />
		<Unit filename="main.cpp" />
		<Unit filename="main.h" />
		<Unit filename="matrix.h" />
		<Unit filename="render.cpp" />
		<Unit filename="render.h" />
		<Unit filename="shader.cpp" />
		<Unit filename="shader.h" />
		<Unit filename="sphere.h" />
		<Unit filename="vector.h" />
		<Extensions>
			<code_completion />
			<envvars />
			<debugger />
		</Extensions>
	</Project>
</CodeBlocks_project_file>
